{
    "name": "@ianlucas/cs2-lib-inspect",
    "lockfileVersion": 3,
    "requires": true,
    "packages": {
        "": {
            "name": "@ianlucas/cs2-lib-inspect",
            "license": "MIT",
            "dependencies": {
                "@protobuf-ts/runtime": "^2.9.4",
                "buffer": "^6.0.3",
                "crc-32": "^1.2.2"
            },
            "devDependencies": {
                "@protobuf-ts/plugin": "^2.9.4",
                "@total-typescript/tsconfig": "^1.0.4",
                "prettier": "^3.4.2",
                "typedoc": "^0.27.6",
                "typescript": "^5.7.3"
            },
            "peerDependencies": {
                "@ianlucas/cs2-lib": "^5.9.0"
            }
        },
        "node_modules/@gerrit0/mini-shiki": {
            "version": "1.26.1",
            "resolved": "https://registry.npmjs.org/@gerrit0/mini-shiki/-/mini-shiki-1.26.1.tgz",
            "integrity": "sha512-gHFUvv9f1fU2Piou/5Y7Sx5moYxcERbC7CXc6rkDLQTUBg5Dgg9L4u29/nHqfoQ3Y9R0h0BcOhd14uOEZIBP7Q==",
            "dev": true,
            "license": "MIT",
            "dependencies": {
                "@shikijs/engine-oniguruma": "^1.26.1",
                "@shikijs/types": "^1.26.1",
                "@shikijs/vscode-textmate": "^10.0.1"
            }
        },
        "node_modules/@ianlucas/cs2-lib": {
            "version": "5.9.0",
            "resolved": "https://registry.npmjs.org/@ianlucas/cs2-lib/-/cs2-lib-5.9.0.tgz",
            "integrity": "sha512-LAzTC828kHZeHIIgC6d9B8u+hRrH209+sqbry5LaJeNTVVCnKIwFGJv/sR5HS5eFiTluvSWPGMEhAJV3l/chbA==",
            "license": "MIT",
            "peer": true
        },
        "node_modules/@protobuf-ts/plugin": {
            "version": "2.9.4",
            "resolved": "https://registry.npmjs.org/@protobuf-ts/plugin/-/plugin-2.9.4.tgz",
            "integrity": "sha512-Db5Laq5T3mc6ERZvhIhkj1rn57/p8gbWiCKxQWbZBBl20wMuqKoHbRw4tuD7FyXi+IkwTToaNVXymv5CY3E8Rw==",
            "dev": true,
            "license": "Apache-2.0",
            "dependencies": {
                "@protobuf-ts/plugin-framework": "^2.9.4",
                "@protobuf-ts/protoc": "^2.9.4",
                "@protobuf-ts/runtime": "^2.9.4",
                "@protobuf-ts/runtime-rpc": "^2.9.4",
                "typescript": "^3.9"
            },
            "bin": {
                "protoc-gen-dump": "bin/protoc-gen-dump",
                "protoc-gen-ts": "bin/protoc-gen-ts"
            }
        },
        "node_modules/@protobuf-ts/plugin-framework": {
            "version": "2.9.4",
            "resolved": "https://registry.npmjs.org/@protobuf-ts/plugin-framework/-/plugin-framework-2.9.4.tgz",
            "integrity": "sha512-9nuX1kjdMliv+Pes8dQCKyVhjKgNNfwxVHg+tx3fLXSfZZRcUHMc1PMwB9/vTvc6gBKt9QGz5ERqSqZc0++E9A==",
            "dev": true,
            "license": "(Apache-2.0 AND BSD-3-Clause)",
            "dependencies": {
                "@protobuf-ts/runtime": "^2.9.4",
                "typescript": "^3.9"
            }
        },
        "node_modules/@protobuf-ts/plugin-framework/node_modules/typescript": {
            "version": "3.9.10",
            "resolved": "https://registry.npmjs.org/typescript/-/typescript-3.9.10.tgz",
            "integrity": "sha512-w6fIxVE/H1PkLKcCPsFqKE7Kv7QUwhU8qQY2MueZXWx5cPZdwFupLgKK3vntcK98BtNHZtAF4LA/yl2a7k8R6Q==",
            "dev": true,
            "license": "Apache-2.0",
            "bin": {
                "tsc": "bin/tsc",
                "tsserver": "bin/tsserver"
            },
            "engines": {
                "node": ">=4.2.0"
            }
        },
        "node_modules/@protobuf-ts/plugin/node_modules/typescript": {
            "version": "3.9.10",
            "resolved": "https://registry.npmjs.org/typescript/-/typescript-3.9.10.tgz",
            "integrity": "sha512-w6fIxVE/H1PkLKcCPsFqKE7Kv7QUwhU8qQY2MueZXWx5cPZdwFupLgKK3vntcK98BtNHZtAF4LA/yl2a7k8R6Q==",
            "dev": true,
            "license": "Apache-2.0",
            "bin": {
                "tsc": "bin/tsc",
                "tsserver": "bin/tsserver"
            },
            "engines": {
                "node": ">=4.2.0"
            }
        },
        "node_modules/@protobuf-ts/protoc": {
            "version": "2.9.4",
            "resolved": "https://registry.npmjs.org/@protobuf-ts/protoc/-/protoc-2.9.4.tgz",
            "integrity": "sha512-hQX+nOhFtrA+YdAXsXEDrLoGJqXHpgv4+BueYF0S9hy/Jq0VRTVlJS1Etmf4qlMt/WdigEes5LOd/LDzui4GIQ==",
            "dev": true,
            "license": "Apache-2.0",
            "bin": {
                "protoc": "protoc.js"
            }
        },
        "node_modules/@protobuf-ts/runtime": {
            "version": "2.9.4",
            "resolved": "https://registry.npmjs.org/@protobuf-ts/runtime/-/runtime-2.9.4.tgz",
            "integrity": "sha512-vHRFWtJJB/SiogWDF0ypoKfRIZ41Kq+G9cEFj6Qm1eQaAhJ1LDFvgZ7Ja4tb3iLOQhz0PaoPnnOijF1qmEqTxg==",
            "license": "(Apache-2.0 AND BSD-3-Clause)"
        },
        "node_modules/@protobuf-ts/runtime-rpc": {
            "version": "2.9.4",
            "resolved": "https://registry.npmjs.org/@protobuf-ts/runtime-rpc/-/runtime-rpc-2.9.4.tgz",
            "integrity": "sha512-y9L9JgnZxXFqH5vD4d7j9duWvIJ7AShyBRoNKJGhu9Q27qIbchfzli66H9RvrQNIFk5ER7z1Twe059WZGqERcA==",
            "dev": true,
            "license": "Apache-2.0",
            "dependencies": {
                "@protobuf-ts/runtime": "^2.9.4"
            }
        },
        "node_modules/@shikijs/engine-oniguruma": {
            "version": "1.26.1",
            "resolved": "https://registry.npmjs.org/@shikijs/engine-oniguruma/-/engine-oniguruma-1.26.1.tgz",
            "integrity": "sha512-F5XuxN1HljLuvfXv7d+mlTkV7XukC1cawdtOo+7pKgPD83CAB1Sf8uHqP3PK0u7njFH0ZhoXE1r+0JzEgAQ+kg==",
            "dev": true,
            "license": "MIT",
            "dependencies": {
                "@shikijs/types": "1.26.1",
                "@shikijs/vscode-textmate": "^10.0.1"
            }
        },
        "node_modules/@shikijs/types": {
            "version": "1.26.1",
            "resolved": "https://registry.npmjs.org/@shikijs/types/-/types-1.26.1.tgz",
            "integrity": "sha512-d4B00TKKAMaHuFYgRf3L0gwtvqpW4hVdVwKcZYbBfAAQXspgkbWqnFfuFl3MDH6gLbsubOcr+prcnsqah3ny7Q==",
            "dev": true,
            "license": "MIT",
            "dependencies": {
                "@shikijs/vscode-textmate": "^10.0.1",
                "@types/hast": "^3.0.4"
            }
        },
        "node_modules/@shikijs/vscode-textmate": {
            "version": "10.0.1",
            "resolved": "https://registry.npmjs.org/@shikijs/vscode-textmate/-/vscode-textmate-10.0.1.tgz",
            "integrity": "sha512-fTIQwLF+Qhuws31iw7Ncl1R3HUDtGwIipiJ9iU+UsDUwMhegFcQKQHd51nZjb7CArq0MvON8rbgCGQYWHUKAdg==",
            "dev": true,
            "license": "MIT"
        },
        "node_modules/@total-typescript/tsconfig": {
            "version": "1.0.4",
            "resolved": "https://registry.npmjs.org/@total-typescript/tsconfig/-/tsconfig-1.0.4.tgz",
            "integrity": "sha512-fO4ctMPGz1kOFOQ4RCPBRBfMy3gDn+pegUfrGyUFRMv/Rd0ZM3/SHH3hFCYG4u6bPLG8OlmOGcBLDexvyr3A5w==",
            "dev": true,
            "license": "MIT"
        },
        "node_modules/@types/hast": {
            "version": "3.0.4",
            "resolved": "https://registry.npmjs.org/@types/hast/-/hast-3.0.4.tgz",
            "integrity": "sha512-WPs+bbQw5aCj+x6laNGWLH3wviHtoCv/P3+otBhbOhJgG8qtpdAMlTCxLtsTWA7LH1Oh/bFCHsBn0TPS5m30EQ==",
            "dev": true,
            "license": "MIT",
            "dependencies": {
                "@types/unist": "*"
            }
        },
        "node_modules/@types/unist": {
            "version": "3.0.3",
            "resolved": "https://registry.npmjs.org/@types/unist/-/unist-3.0.3.tgz",
            "integrity": "sha512-ko/gIFJRv177XgZsZcBwnqJN5x/Gien8qNOn0D5bQU/zAzVf9Zt3BlcUiLqhV9y4ARk0GbT3tnUiPNgnTXzc/Q==",
            "dev": true,
            "license": "MIT"
        },
        "node_modules/argparse": {
            "version": "2.0.1",
            "resolved": "https://registry.npmjs.org/argparse/-/argparse-2.0.1.tgz",
            "integrity": "sha512-8+9WqebbFzpX9OR+Wa6O29asIogeRMzcGtAINdpMHHyAg10f05aSFVBbcEqGf/PXw1EjAZ+q2/bEBg3DvurK3Q==",
            "dev": true,
            "license": "Python-2.0"
        },
        "node_modules/balanced-match": {
            "version": "1.0.2",
            "resolved": "https://registry.npmjs.org/balanced-match/-/balanced-match-1.0.2.tgz",
            "integrity": "sha512-3oSeUO0TMV67hN1AmbXsK4yaqU7tjiHlbxRDZOpH0KW9+CeX4bRAaX0Anxt0tx2MrpRpWwQaPwIlISEJhYU5Pw==",
            "dev": true,
            "license": "MIT"
        },
        "node_modules/base64-js": {
            "version": "1.5.1",
            "resolved": "https://registry.npmjs.org/base64-js/-/base64-js-1.5.1.tgz",
            "integrity": "sha512-AKpaYlHn8t4SVbOHCy+b5+KKgvR4vrsD8vbvrbiQJps7fKDTkjkDry6ji0rUJjC0kzbNePLwzxq8iypo41qeWA==",
            "funding": [
                {
                    "type": "github",
                    "url": "https://github.com/sponsors/feross"
                },
                {
                    "type": "patreon",
                    "url": "https://www.patreon.com/feross"
                },
                {
                    "type": "consulting",
                    "url": "https://feross.org/support"
                }
            ],
            "license": "MIT"
        },
        "node_modules/brace-expansion": {
            "version": "2.0.1",
            "resolved": "https://registry.npmjs.org/brace-expansion/-/brace-expansion-2.0.1.tgz",
            "integrity": "sha512-XnAIvQ8eM+kC6aULx6wuQiwVsnzsi9d3WxzV3FpWTGA19F621kwdbsAcFKXgKUHZWsy+mY6iL1sHTxWEFCytDA==",
            "dev": true,
            "license": "MIT",
            "dependencies": {
                "balanced-match": "^1.0.0"
            }
        },
        "node_modules/buffer": {
            "version": "6.0.3",
            "resolved": "https://registry.npmjs.org/buffer/-/buffer-6.0.3.tgz",
            "integrity": "sha512-FTiCpNxtwiZZHEZbcbTIcZjERVICn9yq/pDFkTl95/AxzD1naBctN7YO68riM/gLSDY7sdrMby8hofADYuuqOA==",
            "funding": [
                {
                    "type": "github",
                    "url": "https://github.com/sponsors/feross"
                },
                {
                    "type": "patreon",
                    "url": "https://www.patreon.com/feross"
                },
                {
                    "type": "consulting",
                    "url": "https://feross.org/support"
                }
            ],
            "license": "MIT",
            "dependencies": {
                "base64-js": "^1.3.1",
                "ieee754": "^1.2.1"
            }
        },
        "node_modules/crc-32": {
            "version": "1.2.2",
            "resolved": "https://registry.npmjs.org/crc-32/-/crc-32-1.2.2.tgz",
            "integrity": "sha512-ROmzCKrTnOwybPcJApAA6WBWij23HVfGVNKqqrZpuyZOHqK2CwHSvpGuyt/UNNvaIjEd8X5IFGp4Mh+Ie1IHJQ==",
            "license": "Apache-2.0",
            "bin": {
                "crc32": "bin/crc32.njs"
            },
            "engines": {
                "node": ">=0.8"
            }
        },
        "node_modules/entities": {
            "version": "4.5.0",
            "resolved": "https://registry.npmjs.org/entities/-/entities-4.5.0.tgz",
            "integrity": "sha512-V0hjH4dGPh9Ao5p0MoRY6BVqtwCjhz6vI5LT8AJ55H+4g9/4vbHx1I54fS0XuclLhDHArPQCiMjDxjaL8fPxhw==",
            "dev": true,
            "license": "BSD-2-Clause",
            "engines": {
                "node": ">=0.12"
            },
            "funding": {
                "url": "https://github.com/fb55/entities?sponsor=1"
            }
        },
        "node_modules/ieee754": {
            "version": "1.2.1",
            "resolved": "https://registry.npmjs.org/ieee754/-/ieee754-1.2.1.tgz",
            "integrity": "sha512-dcyqhDvX1C46lXZcVqCpK+FtMRQVdIMN6/Df5js2zouUsqG7I6sFxitIC+7KYK29KdXOLHdu9zL4sFnoVQnqaA==",
            "funding": [
                {
                    "type": "github",
                    "url": "https://github.com/sponsors/feross"
                },
                {
                    "type": "patreon",
                    "url": "https://www.patreon.com/feross"
                },
                {
                    "type": "consulting",
                    "url": "https://feross.org/support"
                }
            ],
            "license": "BSD-3-Clause"
        },
        "node_modules/linkify-it": {
            "version": "5.0.0",
            "resolved": "https://registry.npmjs.org/linkify-it/-/linkify-it-5.0.0.tgz",
            "integrity": "sha512-5aHCbzQRADcdP+ATqnDuhhJ/MRIqDkZX5pyjFHRRysS8vZ5AbqGEoFIb6pYHPZ+L/OC2Lc+xT8uHVVR5CAK/wQ==",
            "dev": true,
            "license": "MIT",
            "dependencies": {
                "uc.micro": "^2.0.0"
            }
        },
        "node_modules/lunr": {
            "version": "2.3.9",
            "resolved": "https://registry.npmjs.org/lunr/-/lunr-2.3.9.tgz",
            "integrity": "sha512-zTU3DaZaF3Rt9rhN3uBMGQD3dD2/vFQqnvZCDv4dl5iOzq2IZQqTxu90r4E5J+nP70J3ilqVCrbho2eWaeW8Ow==",
            "dev": true,
            "license": "MIT"
        },
        "node_modules/markdown-it": {
            "version": "14.1.0",
            "resolved": "https://registry.npmjs.org/markdown-it/-/markdown-it-14.1.0.tgz",
            "integrity": "sha512-a54IwgWPaeBCAAsv13YgmALOF1elABB08FxO9i+r4VFk5Vl4pKokRPeX8u5TCgSsPi6ec1otfLjdOpVcgbpshg==",
            "dev": true,
            "license": "MIT",
            "dependencies": {
                "argparse": "^2.0.1",
                "entities": "^4.4.0",
                "linkify-it": "^5.0.0",
                "mdurl": "^2.0.0",
                "punycode.js": "^2.3.1",
                "uc.micro": "^2.1.0"
            },
            "bin": {
                "markdown-it": "bin/markdown-it.mjs"
            }
        },
        "node_modules/mdurl": {
            "version": "2.0.0",
            "resolved": "https://registry.npmjs.org/mdurl/-/mdurl-2.0.0.tgz",
            "integrity": "sha512-Lf+9+2r+Tdp5wXDXC4PcIBjTDtq4UKjCPMQhKIuzpJNW0b96kVqSwW0bT7FhRSfmAiFYgP+SCRvdrDozfh0U5w==",
            "dev": true,
            "license": "MIT"
        },
        "node_modules/minimatch": {
            "version": "9.0.5",
            "resolved": "https://registry.npmjs.org/minimatch/-/minimatch-9.0.5.tgz",
            "integrity": "sha512-G6T0ZX48xgozx7587koeX9Ys2NYy6Gmv//P89sEte9V9whIapMNF4idKxnW2QtCcLiTWlb/wfCabAtAFWhhBow==",
            "dev": true,
            "license": "ISC",
            "dependencies": {
                "brace-expansion": "^2.0.1"
            },
            "engines": {
                "node": ">=16 || 14 >=14.17"
            },
            "funding": {
                "url": "https://github.com/sponsors/isaacs"
            }
        },
        "node_modules/prettier": {
            "version": "3.4.2",
            "resolved": "https://registry.npmjs.org/prettier/-/prettier-3.4.2.tgz",
            "integrity": "sha512-e9MewbtFo+Fevyuxn/4rrcDAaq0IYxPGLvObpQjiZBMAzB9IGmzlnG9RZy3FFas+eBMu2vA0CszMeduow5dIuQ==",
            "dev": true,
            "license": "MIT",
            "bin": {
                "prettier": "bin/prettier.cjs"
            },
            "engines": {
                "node": ">=14"
            },
            "funding": {
                "url": "https://github.com/prettier/prettier?sponsor=1"
            }
        },
        "node_modules/punycode.js": {
            "version": "2.3.1",
            "resolved": "https://registry.npmjs.org/punycode.js/-/punycode.js-2.3.1.tgz",
            "integrity": "sha512-uxFIHU0YlHYhDQtV4R9J6a52SLx28BCjT+4ieh7IGbgwVJWO+km431c4yRlREUAsAmt/uMjQUyQHNEPf0M39CA==",
            "dev": true,
            "license": "MIT",
            "engines": {
                "node": ">=6"
            }
        },
        "node_modules/typedoc": {
            "version": "0.27.6",
            "resolved": "https://registry.npmjs.org/typedoc/-/typedoc-0.27.6.tgz",
            "integrity": "sha512-oBFRoh2Px6jFx366db0lLlihcalq/JzyCVp7Vaq1yphL/tbgx2e+bkpkCgJPunaPvPwoTOXSwasfklWHm7GfAw==",
            "dev": true,
            "license": "Apache-2.0",
            "dependencies": {
                "@gerrit0/mini-shiki": "^1.24.0",
                "lunr": "^2.3.9",
                "markdown-it": "^14.1.0",
                "minimatch": "^9.0.5",
                "yaml": "^2.6.1"
            },
            "bin": {
                "typedoc": "bin/typedoc"
            },
            "engines": {
                "node": ">= 18"
            },
            "peerDependencies": {
                "typescript": "5.0.x || 5.1.x || 5.2.x || 5.3.x || 5.4.x || 5.5.x || 5.6.x || 5.7.x"
            }
        },
        "node_modules/typescript": {
            "version": "5.7.3",
            "resolved": "https://registry.npmjs.org/typescript/-/typescript-5.7.3.tgz",
            "integrity": "sha512-84MVSjMEHP+FQRPy3pX9sTVV/INIex71s9TL2Gm5FG/WG1SqXeKyZ0k7/blY/4FdOzI12CBy1vGc4og/eus0fw==",
            "dev": true,
            "license": "Apache-2.0",
            "bin": {
                "tsc": "bin/tsc",
                "tsserver": "bin/tsserver"
            },
            "engines": {
                "node": ">=14.17"
            }
        },
        "node_modules/uc.micro": {
            "version": "2.1.0",
            "resolved": "https://registry.npmjs.org/uc.micro/-/uc.micro-2.1.0.tgz",
            "integrity": "sha512-ARDJmphmdvUk6Glw7y9DQ2bFkKBHwQHLi2lsaH6PPmz/Ka9sFOBsBluozhDltWmnv9u/cF6Rt87znRTPV+yp/A==",
            "dev": true,
            "license": "MIT"
        },
        "node_modules/yaml": {
            "version": "2.7.0",
            "resolved": "https://registry.npmjs.org/yaml/-/yaml-2.7.0.tgz",
            "integrity": "sha512-+hSoy/QHluxmC9kCIJyL/uyFmLmc+e5CFR5Wa+bpIhIj85LVb9ZH2nVnqrHoSvKogwODv0ClqZkmiSSaIH5LTA==",
            "dev": true,
            "license": "ISC",
            "bin": {
                "yaml": "bin.mjs"
            },
            "engines": {
                "node": ">= 14"
            }
        }
    }
}
